
Microsoft Visual Studio Solution File, Format Version 12.00
# Visual Studio 15
VisualStudioVersion = 15.0.27428.2005
MinimumVisualStudioVersion = 10.0.40219.1
Project("{FAE04EC0-301F-11D3-BF4B-00C04F79EFBC}") = "01. CalculateHashes", "01. CalculateHashes\01. CalculateHashes.csproj", "{EC58661C-5CDC-49D8-B42E-EE2AF42E143A}"
EndProject
Project("{FAE04EC0-301F-11D3-BF4B-00C04F79EFBC}") = "02. CalculateHmac", "02. CalculateHmac\02. CalculateHmac.csproj", "{C80AEA22-2ECD-472E-B4FB-2926DE0B3521}"
EndProject
Project("{FAE04EC0-301F-11D3-BF4B-00C04F79EFBC}") = "00. Common", "00. Common\00. Common.csproj", "{39B90132-ED19-4B40-ACB2-EA642EBD8D14}"
EndProject
Project("{FAE04EC0-301F-11D3-BF4B-00C04F79EFBC}") = "03. SCryptDeriveKeyByPassword", "03. SCryptDeriveKeyByPassword\03. SCryptDeriveKeyByPassword.csproj", "{2992A650-ADD6-420B-A336-378648F2CA83}"
EndProject
Project("{FAE04EC0-301F-11D3-BF4B-00C04F79EFBC}") = "04. SymmetricEncryptionAndDecryption", "04. SymmetricEncryptionAndDecryption\04. SymmetricEncryptionAndDecryption.csproj", "{FBA6FE17-1199-447F-AB42-865656F404B4}"
EndProject
Project("{FAE04EC0-301F-11D3-BF4B-00C04F79EFBC}") = "05. EthereumSignatureCreator", "05. EthereumSignatureCreator\05. EthereumSignatureCreator.csproj", "{2F74691F-67BD-4684-AF86-5CCAB80CDAF9}"
EndProject
Project("{FAE04EC0-301F-11D3-BF4B-00C04F79EFBC}") = "06. EthereumSignatureToAddress", "06. EthereumSignatureToAddress\06. EthereumSignatureToAddress.csproj", "{EDB00608-9BA4-488A-A446-7A2B857EAB0C}"
EndProject
Project("{FAE04EC0-301F-11D3-BF4B-00C04F79EFBC}") = "07. EthereumSignatureVerifier", "07. EthereumSignatureVerifier\07. EthereumSignatureVerifier.csproj", "{2FCFFF1A-0779-4E23-8A12-3B57C59313C0}"
EndProject
Global
	GlobalSection(SolutionConfigurationPlatforms) = preSolution
		Debug|Any CPU = Debug|Any CPU
		Release|Any CPU = Release|Any CPU
	EndGlobalSection
	GlobalSection(ProjectConfigurationPlatforms) = postSolution
		{EC58661C-5CDC-49D8-B42E-EE2AF42E143A}.Debug|Any CPU.ActiveCfg = Debug|Any CPU
		{EC58661C-5CDC-49D8-B42E-EE2AF42E143A}.Debug|Any CPU.Build.0 = Debug|Any CPU
		{EC58661C-5CDC-49D8-B42E-EE2AF42E143A}.Release|Any CPU.ActiveCfg = Release|Any CPU
		{EC58661C-5CDC-49D8-B42E-EE2AF42E143A}.Release|Any CPU.Build.0 = Release|Any CPU
		{C80AEA22-2ECD-472E-B4FB-2926DE0B3521}.Debug|Any CPU.ActiveCfg = Debug|Any CPU
		{C80AEA22-2ECD-472E-B4FB-2926DE0B3521}.Debug|Any CPU.Build.0 = Debug|Any CPU
		{C80AEA22-2ECD-472E-B4FB-2926DE0B3521}.Release|Any CPU.ActiveCfg = Release|Any CPU
		{C80AEA22-2ECD-472E-B4FB-2926DE0B3521}.Release|Any CPU.Build.0 = Release|Any CPU
		{39B90132-ED19-4B40-ACB2-EA642EBD8D14}.Debug|Any CPU.ActiveCfg = Debug|Any CPU
		{39B90132-ED19-4B40-ACB2-EA642EBD8D14}.Debug|Any CPU.Build.0 = Debug|Any CPU
		{39B90132-ED19-4B40-ACB2-EA642EBD8D14}.Release|Any CPU.ActiveCfg = Release|Any CPU
		{39B90132-ED19-4B40-ACB2-EA642EBD8D14}.Release|Any CPU.Build.0 = Release|Any CPU
		{2992A650-ADD6-420B-A336-378648F2CA83}.Debug|Any CPU.ActiveCfg = Debug|Any CPU
		{2992A650-ADD6-420B-A336-378648F2CA83}.Debug|Any CPU.Build.0 = Debug|Any CPU
		{2992A650-ADD6-420B-A336-378648F2CA83}.Release|Any CPU.ActiveCfg = Release|Any CPU
		{2992A650-ADD6-420B-A336-378648F2CA83}.Release|Any CPU.Build.0 = Release|Any CPU
		{FBA6FE17-1199-447F-AB42-865656F404B4}.Debug|Any CPU.ActiveCfg = Debug|Any CPU
		{FBA6FE17-1199-447F-AB42-865656F404B4}.Debug|Any CPU.Build.0 = Debug|Any CPU
		{FBA6FE17-1199-447F-AB42-865656F404B4}.Release|Any CPU.ActiveCfg = Release|Any CPU
		{FBA6FE17-1199-447F-AB42-865656F404B4}.Release|Any CPU.Build.0 = Release|Any CPU
		{2F74691F-67BD-4684-AF86-5CCAB80CDAF9}.Debug|Any CPU.ActiveCfg = Debug|Any CPU
		{2F74691F-67BD-4684-AF86-5CCAB80CDAF9}.Debug|Any CPU.Build.0 = Debug|Any CPU
		{2F74691F-67BD-4684-AF86-5CCAB80CDAF9}.Release|Any CPU.ActiveCfg = Release|Any CPU
		{2F74691F-67BD-4684-AF86-5CCAB80CDAF9}.Release|Any CPU.Build.0 = Release|Any CPU
		{EDB00608-9BA4-488A-A446-7A2B857EAB0C}.Debug|Any CPU.ActiveCfg = Debug|Any CPU
		{EDB00608-9BA4-488A-A446-7A2B857EAB0C}.Debug|Any CPU.Build.0 = Debug|Any CPU
		{EDB00608-9BA4-488A-A446-7A2B857EAB0C}.Release|Any CPU.ActiveCfg = Release|Any CPU
		{EDB00608-9BA4-488A-A446-7A2B857EAB0C}.Release|Any CPU.Build.0 = Release|Any CPU
		{2FCFFF1A-0779-4E23-8A12-3B57C59313C0}.Debug|Any CPU.ActiveCfg = Debug|Any CPU
		{2FCFFF1A-0779-4E23-8A12-3B57C59313C0}.Debug|Any CPU.Build.0 = Debug|Any CPU
		{2FCFFF1A-0779-4E23-8A12-3B57C59313C0}.Release|Any CPU.ActiveCfg = Release|Any CPU
		{2FCFFF1A-0779-4E23-8A12-3B57C59313C0}.Release|Any CPU.Build.0 = Release|Any CPU
	EndGlobalSection
	GlobalSection(SolutionProperties) = preSolution
		HideSolutionNode = FALSE
	EndGlobalSection
	GlobalSection(ExtensibilityGlobals) = postSolution
		SolutionGuid = {687FF99D-2807-499C-81F3-6C6AF56B04A0}
	EndGlobalSection
EndGlobal
